// !$*UTF8*$!
{
	archiveVersion = 1;
	classes = {
	};
	objectVersion = 50;
	objects = {

/* Begin PBXBuildFile section */
		2714640025F0D5780071F1F9 /* NWTableCell.m in Sources */ = {isa = PBXBuildFile; fileRef = 271463FF25F0D5780071F1F9 /* NWTableCell.m */; };
		273D09D22601C5AE0083F73C /* NSObject+GTModel.m in Sources */ = {isa = PBXBuildFile; fileRef = 273D09D12601C5AE0083F73C /* NSObject+GTModel.m */; };
		273D09D82601CD630083F73C /* GTMovie.m in Sources */ = {isa = PBXBuildFile; fileRef = 273D09D72601CD630083F73C /* GTMovie.m */; };
		2753F20D25CA4A2100C8291B /* AppDelegate.m in Sources */ = {isa = PBXBuildFile; fileRef = 2753F20C25CA4A2100C8291B /* AppDelegate.m */; };
		2753F21025CA4A2100C8291B /* SceneDelegate.m in Sources */ = {isa = PBXBuildFile; fileRef = 2753F20F25CA4A2100C8291B /* SceneDelegate.m */; };
		2753F21325CA4A2100C8291B /* ViewController.m in Sources */ = {isa = PBXBuildFile; fileRef = 2753F21225CA4A2100C8291B /* ViewController.m */; };
		2753F21625CA4A2100C8291B /* Main.storyboard in Resources */ = {isa = PBXBuildFile; fileRef = 2753F21425CA4A2100C8291B /* Main.storyboard */; };
		2753F21825CA4A2400C8291B /* Assets.xcassets in Resources */ = {isa = PBXBuildFile; fileRef = 2753F21725CA4A2400C8291B /* Assets.xcassets */; };
		2753F21B25CA4A2400C8291B /* LaunchScreen.storyboard in Resources */ = {isa = PBXBuildFile; fileRef = 2753F21925CA4A2400C8291B /* LaunchScreen.storyboard */; };
		2753F21E25CA4A2400C8291B /* main.m in Sources */ = {isa = PBXBuildFile; fileRef = 2753F21D25CA4A2400C8291B /* main.m */; };
		2753F22825CA4A2400C8291B /* NWModelTests.m in Sources */ = {isa = PBXBuildFile; fileRef = 2753F22725CA4A2400C8291B /* NWModelTests.m */; };
		2753F23325CA4A2400C8291B /* NWModelUITests.m in Sources */ = {isa = PBXBuildFile; fileRef = 2753F23225CA4A2400C8291B /* NWModelUITests.m */; };
		277AA99B25CCF011005EF904 /* NWClassInfo.m in Sources */ = {isa = PBXBuildFile; fileRef = 277AA99A25CCF011005EF904 /* NWClassInfo.m */; };
		2783FFCC25CC56F700E2309A /* CALayer+NWLayer.m in Sources */ = {isa = PBXBuildFile; fileRef = 2783FFCB25CC56F700E2309A /* CALayer+NWLayer.m */; };
		279484DA25F071F300B592CE /* NWTestLabel.m in Sources */ = {isa = PBXBuildFile; fileRef = 279484D925F071F300B592CE /* NWTestLabel.m */; };
		279AFD9625E887660032A4B0 /* NWProxy.m in Sources */ = {isa = PBXBuildFile; fileRef = 279AFD9525E887660032A4B0 /* NWProxy.m */; };
		279AFD9C25E88AC70032A4B0 /* NWFPSLabel.m in Sources */ = {isa = PBXBuildFile; fileRef = 279AFD9B25E88AC70032A4B0 /* NWFPSLabel.m */; };
		27BD698025ED2B33008F05D1 /* UILabel+Extension.m in Sources */ = {isa = PBXBuildFile; fileRef = 27BD697F25ED2B33008F05D1 /* UILabel+Extension.m */; };
		27BD698625ED2CEB008F05D1 /* UIFont+FontSize.m in Sources */ = {isa = PBXBuildFile; fileRef = 27BD698525ED2CEB008F05D1 /* UIFont+FontSize.m */; };
		27D4B15D25CBD6C4008002DF /* NSObject+NWModel.m in Sources */ = {isa = PBXBuildFile; fileRef = 27D4B15C25CBD6C4008002DF /* NSObject+NWModel.m */; };
		27F2BB8325D27FCF00F9C9EC /* NWUser.m in Sources */ = {isa = PBXBuildFile; fileRef = 27F2BB8225D27FCF00F9C9EC /* NWUser.m */; };
/* End PBXBuildFile section */

/* Begin PBXContainerItemProxy section */
		2753F22425CA4A2400C8291B /* PBXContainerItemProxy */ = {
			isa = PBXContainerItemProxy;
			containerPortal = 2753F20025CA4A2100C8291B /* Project object */;
			proxyType = 1;
			remoteGlobalIDString = 2753F20725CA4A2100C8291B;
			remoteInfo = NWModel;
		};
		2753F22F25CA4A2400C8291B /* PBXContainerItemProxy */ = {
			isa = PBXContainerItemProxy;
			containerPortal = 2753F20025CA4A2100C8291B /* Project object */;
			proxyType = 1;
			remoteGlobalIDString = 2753F20725CA4A2100C8291B;
			remoteInfo = NWModel;
		};
/* End PBXContainerItemProxy section */

/* Begin PBXFileReference section */
		271463FE25F0D5780071F1F9 /* NWTableCell.h */ = {isa = PBXFileReference; lastKnownFileType = sourcecode.c.h; path = NWTableCell.h; sourceTree = "<group>"; };
		271463FF25F0D5780071F1F9 /* NWTableCell.m */ = {isa = PBXFileReference; lastKnownFileType = sourcecode.c.objc; path = NWTableCell.m; sourceTree = "<group>"; };
		273D09D02601C5AE0083F73C /* NSObject+GTModel.h */ = {isa = PBXFileReference; lastKnownFileType = sourcecode.c.h; path = "NSObject+GTModel.h"; sourceTree = "<group>"; };
		273D09D12601C5AE0083F73C /* NSObject+GTModel.m */ = {isa = PBXFileReference; lastKnownFileType = sourcecode.c.objc; path = "NSObject+GTModel.m"; sourceTree = "<group>"; };
		273D09D62601CD630083F73C /* GTMovie.h */ = {isa = PBXFileReference; lastKnownFileType = sourcecode.c.h; path = GTMovie.h; sourceTree = "<group>"; };
		273D09D72601CD630083F73C /* GTMovie.m */ = {isa = PBXFileReference; lastKnownFileType = sourcecode.c.objc; path = GTMovie.m; sourceTree = "<group>"; };
		2753F20825CA4A2100C8291B /* NWModel.app */ = {isa = PBXFileReference; explicitFileType = wrapper.application; includeInIndex = 0; path = NWModel.app; sourceTree = BUILT_PRODUCTS_DIR; };
		2753F20B25CA4A2100C8291B /* AppDelegate.h */ = {isa = PBXFileReference; lastKnownFileType = sourcecode.c.h; path = AppDelegate.h; sourceTree = "<group>"; };
		2753F20C25CA4A2100C8291B /* AppDelegate.m */ = {isa = PBXFileReference; lastKnownFileType = sourcecode.c.objc; path = AppDelegate.m; sourceTree = "<group>"; };
		2753F20E25CA4A2100C8291B /* SceneDelegate.h */ = {isa = PBXFileReference; lastKnownFileType = sourcecode.c.h; path = SceneDelegate.h; sourceTree = "<group>"; };
		2753F20F25CA4A2100C8291B /* SceneDelegate.m */ = {isa = PBXFileReference; lastKnownFileType = sourcecode.c.objc; path = SceneDelegate.m; sourceTree = "<group>"; };
		2753F21125CA4A2100C8291B /* ViewController.h */ = {isa = PBXFileReference; lastKnownFileType = sourcecode.c.h; path = ViewController.h; sourceTree = "<group>"; };
		2753F21225CA4A2100C8291B /* ViewController.m */ = {isa = PBXFileReference; lastKnownFileType = sourcecode.c.objc; path = ViewController.m; sourceTree = "<group>"; };
		2753F21525CA4A2100C8291B /* Base */ = {isa = PBXFileReference; lastKnownFileType = file.storyboard; name = Base; path = Base.lproj/Main.storyboard; sourceTree = "<group>"; };
		2753F21725CA4A2400C8291B /* Assets.xcassets */ = {isa = PBXFileReference; lastKnownFileType = folder.assetcatalog; path = Assets.xcassets; sourceTree = "<group>"; };
		2753F21A25CA4A2400C8291B /* Base */ = {isa = PBXFileReference; lastKnownFileType = file.storyboard; name = Base; path = Base.lproj/LaunchScreen.storyboard; sourceTree = "<group>"; };
		2753F21C25CA4A2400C8291B /* Info.plist */ = {isa = PBXFileReference; lastKnownFileType = text.plist.xml; path = Info.plist; sourceTree = "<group>"; };
		2753F21D25CA4A2400C8291B /* main.m */ = {isa = PBXFileReference; lastKnownFileType = sourcecode.c.objc; path = main.m; sourceTree = "<group>"; };
		2753F22325CA4A2400C8291B /* NWModelTests.xctest */ = {isa = PBXFileReference; explicitFileType = wrapper.cfbundle; includeInIndex = 0; path = NWModelTests.xctest; sourceTree = BUILT_PRODUCTS_DIR; };
		2753F22725CA4A2400C8291B /* NWModelTests.m */ = {isa = PBXFileReference; lastKnownFileType = sourcecode.c.objc; path = NWModelTests.m; sourceTree = "<group>"; };
		2753F22925CA4A2400C8291B /* Info.plist */ = {isa = PBXFileReference; lastKnownFileType = text.plist.xml; path = Info.plist; sourceTree = "<group>"; };
		2753F22E25CA4A2400C8291B /* NWModelUITests.xctest */ = {isa = PBXFileReference; explicitFileType = wrapper.cfbundle; includeInIndex = 0; path = NWModelUITests.xctest; sourceTree = BUILT_PRODUCTS_DIR; };
		2753F23225CA4A2400C8291B /* NWModelUITests.m */ = {isa = PBXFileReference; lastKnownFileType = sourcecode.c.objc; path = NWModelUITests.m; sourceTree = "<group>"; };
		2753F23425CA4A2400C8291B /* Info.plist */ = {isa = PBXFileReference; lastKnownFileType = text.plist.xml; path = Info.plist; sourceTree = "<group>"; };
		277AA99925CCF011005EF904 /* NWClassInfo.h */ = {isa = PBXFileReference; lastKnownFileType = sourcecode.c.h; path = NWClassInfo.h; sourceTree = "<group>"; };
		277AA99A25CCF011005EF904 /* NWClassInfo.m */ = {isa = PBXFileReference; lastKnownFileType = sourcecode.c.objc; path = NWClassInfo.m; sourceTree = "<group>"; };
		2783FFCA25CC56F700E2309A /* CALayer+NWLayer.h */ = {isa = PBXFileReference; lastKnownFileType = sourcecode.c.h; path = "CALayer+NWLayer.h"; sourceTree = "<group>"; };
		2783FFCB25CC56F700E2309A /* CALayer+NWLayer.m */ = {isa = PBXFileReference; lastKnownFileType = sourcecode.c.objc; path = "CALayer+NWLayer.m"; sourceTree = "<group>"; };
		279484D825F071F300B592CE /* NWTestLabel.h */ = {isa = PBXFileReference; lastKnownFileType = sourcecode.c.h; path = NWTestLabel.h; sourceTree = "<group>"; };
		279484D925F071F300B592CE /* NWTestLabel.m */ = {isa = PBXFileReference; lastKnownFileType = sourcecode.c.objc; path = NWTestLabel.m; sourceTree = "<group>"; };
		279AFD9425E887660032A4B0 /* NWProxy.h */ = {isa = PBXFileReference; lastKnownFileType = sourcecode.c.h; path = NWProxy.h; sourceTree = "<group>"; };
		279AFD9525E887660032A4B0 /* NWProxy.m */ = {isa = PBXFileReference; lastKnownFileType = sourcecode.c.objc; path = NWProxy.m; sourceTree = "<group>"; };
		279AFD9A25E88AC70032A4B0 /* NWFPSLabel.h */ = {isa = PBXFileReference; lastKnownFileType = sourcecode.c.h; path = NWFPSLabel.h; sourceTree = "<group>"; };
		279AFD9B25E88AC70032A4B0 /* NWFPSLabel.m */ = {isa = PBXFileReference; lastKnownFileType = sourcecode.c.objc; path = NWFPSLabel.m; sourceTree = "<group>"; };
		27BD697E25ED2B32008F05D1 /* UILabel+Extension.h */ = {isa = PBXFileReference; lastKnownFileType = sourcecode.c.h; path = "UILabel+Extension.h"; sourceTree = "<group>"; };
		27BD697F25ED2B33008F05D1 /* UILabel+Extension.m */ = {isa = PBXFileReference; lastKnownFileType = sourcecode.c.objc; path = "UILabel+Extension.m"; sourceTree = "<group>"; };
		27BD698425ED2CEB008F05D1 /* UIFont+FontSize.h */ = {isa = PBXFileReference; lastKnownFileType = sourcecode.c.h; path = "UIFont+FontSize.h"; sourceTree = "<group>"; };
		27BD698525ED2CEB008F05D1 /* UIFont+FontSize.m */ = {isa = PBXFileReference; lastKnownFileType = sourcecode.c.objc; path = "UIFont+FontSize.m"; sourceTree = "<group>"; };
		27D4B15B25CBD6C4008002DF /* NSObject+NWModel.h */ = {isa = PBXFileReference; lastKnownFileType = sourcecode.c.h; path = "NSObject+NWModel.h"; sourceTree = "<group>"; };
		27D4B15C25CBD6C4008002DF /* NSObject+NWModel.m */ = {isa = PBXFileReference; lastKnownFileType = sourcecode.c.objc; path = "NSObject+NWModel.m"; sourceTree = "<group>"; };
		27F2BB8125D27FCF00F9C9EC /* NWUser.h */ = {isa = PBXFileReference; lastKnownFileType = sourcecode.c.h; path = NWUser.h; sourceTree = "<group>"; };
		27F2BB8225D27FCF00F9C9EC /* NWUser.m */ = {isa = PBXFileReference; lastKnownFileType = sourcecode.c.objc; path = NWUser.m; sourceTree = "<group>"; };
		73CA4631535052A79240D84C /* Pods_NWModelTests.framework */ = {isa = PBXFileReference; explicitFileType = wrapper.framework; includeInIndex = 0; path = Pods_NWModelTests.framework; sourceTree = BUILT_PRODUCTS_DIR; };
		9EA2904EB27CB121B1A8849F /* Pods_NWModel_NWModelUITests.framework */ = {isa = PBXFileReference; explicitFileType = wrapper.framework; includeInIndex = 0; path = Pods_NWModel_NWModelUITests.framework; sourceTree = BUILT_PRODUCTS_DIR; };
		CBBB6978A034C98CF299BA58 /* Pods_NWModel.framework */ = {isa = PBXFileReference; explicitFileType = wrapper.framework; includeInIndex = 0; path = Pods_NWModel.framework; sourceTree = BUILT_PRODUCTS_DIR; };
/* End PBXFileReference section */

/* Begin PBXFrameworksBuildPhase section */
		2753F20525CA4A2100C8291B /* Frameworks */ = {
			isa = PBXFrameworksBuildPhase;
			buildActionMask = 2147483647;
			files = (
			);
			runOnlyForDeploymentPostprocessing = 0;
		};
		2753F22025CA4A2400C8291B /* Frameworks */ = {
			isa = PBXFrameworksBuildPhase;
			buildActionMask = 2147483647;
			files = (
			);
			runOnlyForDeploymentPostprocessing = 0;
		};
		2753F22B25CA4A2400C8291B /* Frameworks */ = {
			isa = PBXFrameworksBuildPhase;
			buildActionMask = 2147483647;
			files = (
			);
			runOnlyForDeploymentPostprocessing = 0;
		};
/* End PBXFrameworksBuildPhase section */

/* Begin PBXGroup section */
		0FAE3DFD136EA72E59FA4624 /* Frameworks */ = {
			isa = PBXGroup;
			children = (
				CBBB6978A034C98CF299BA58 /* Pods_NWModel.framework */,
				9EA2904EB27CB121B1A8849F /* Pods_NWModel_NWModelUITests.framework */,
				73CA4631535052A79240D84C /* Pods_NWModelTests.framework */,
			);
			name = Frameworks;
			sourceTree = "<group>";
		};
		2753F1FF25CA4A2100C8291B = {
			isa = PBXGroup;
			children = (
				2753F20A25CA4A2100C8291B /* NWModel */,
				2753F22625CA4A2400C8291B /* NWModelTests */,
				2753F23125CA4A2400C8291B /* NWModelUITests */,
				2753F20925CA4A2100C8291B /* Products */,
				0FAE3DFD136EA72E59FA4624 /* Frameworks */,
			);
			sourceTree = "<group>";
		};
		2753F20925CA4A2100C8291B /* Products */ = {
			isa = PBXGroup;
			children = (
				2753F20825CA4A2100C8291B /* NWModel.app */,
				2753F22325CA4A2400C8291B /* NWModelTests.xctest */,
				2753F22E25CA4A2400C8291B /* NWModelUITests.xctest */,
			);
			name = Products;
			sourceTree = "<group>";
		};
		2753F20A25CA4A2100C8291B /* NWModel */ = {
			isa = PBXGroup;
			children = (
				2753F20B25CA4A2100C8291B /* AppDelegate.h */,
				2753F20C25CA4A2100C8291B /* AppDelegate.m */,
				2753F20E25CA4A2100C8291B /* SceneDelegate.h */,
				2753F20F25CA4A2100C8291B /* SceneDelegate.m */,
				2753F21125CA4A2100C8291B /* ViewController.h */,
				2753F21225CA4A2100C8291B /* ViewController.m */,
				271463FE25F0D5780071F1F9 /* NWTableCell.h */,
				271463FF25F0D5780071F1F9 /* NWTableCell.m */,
				279484D825F071F300B592CE /* NWTestLabel.h */,
				279484D925F071F300B592CE /* NWTestLabel.m */,
				277AA99925CCF011005EF904 /* NWClassInfo.h */,
				277AA99A25CCF011005EF904 /* NWClassInfo.m */,
				27D4B15B25CBD6C4008002DF /* NSObject+NWModel.h */,
				27D4B15C25CBD6C4008002DF /* NSObject+NWModel.m */,
				27F2BB8125D27FCF00F9C9EC /* NWUser.h */,
				27F2BB8225D27FCF00F9C9EC /* NWUser.m */,
				273D09D62601CD630083F73C /* GTMovie.h */,
				273D09D72601CD630083F73C /* GTMovie.m */,
				273D09D02601C5AE0083F73C /* NSObject+GTModel.h */,
				273D09D12601C5AE0083F73C /* NSObject+GTModel.m */,
				279AFD9425E887660032A4B0 /* NWProxy.h */,
				279AFD9525E887660032A4B0 /* NWProxy.m */,
				279AFD9A25E88AC70032A4B0 /* NWFPSLabel.h */,
				279AFD9B25E88AC70032A4B0 /* NWFPSLabel.m */,
				27BD697E25ED2B32008F05D1 /* UILabel+Extension.h */,
				27BD697F25ED2B33008F05D1 /* UILabel+Extension.m */,
				27BD698425ED2CEB008F05D1 /* UIFont+FontSize.h */,
				27BD698525ED2CEB008F05D1 /* UIFont+FontSize.m */,
				2783FFCA25CC56F700E2309A /* CALayer+NWLayer.h */,
				2783FFCB25CC56F700E2309A /* CALayer+NWLayer.m */,
				2753F21425CA4A2100C8291B /* Main.storyboard */,
				2753F21725CA4A2400C8291B /* Assets.xcassets */,
				2753F21925CA4A2400C8291B /* LaunchScreen.storyboard */,
				2753F21C25CA4A2400C8291B /* Info.plist */,
				2753F21D25CA4A2400C8291B /* main.m */,
			);
			path = NWModel;
			sourceTree = "<group>";
		};
		2753F22625CA4A2400C8291B /* NWModelTests */ = {
			isa = PBXGroup;
			children = (
				2753F22725CA4A2400C8291B /* NWModelTests.m */,
				2753F22925CA4A2400C8291B /* Info.plist */,
			);
			path = NWModelTests;
			sourceTree = "<group>";
		};
		2753F23125CA4A2400C8291B /* NWModelUITests */ = {
			isa = PBXGroup;
			children = (
				2753F23225CA4A2400C8291B /* NWModelUITests.m */,
				2753F23425CA4A2400C8291B /* Info.plist */,
			);
			path = NWModelUITests;
			sourceTree = "<group>";
		};
/* End PBXGroup section */

/* Begin PBXNativeTarget section */
		2753F20725CA4A2100C8291B /* NWModel */ = {
			isa = PBXNativeTarget;
			buildConfigurationList = 2753F23725CA4A2400C8291B /* Build configuration list for PBXNativeTarget "NWModel" */;
			buildPhases = (
				2753F20425CA4A2100C8291B /* Sources */,
				2753F20525CA4A2100C8291B /* Frameworks */,
				2753F20625CA4A2100C8291B /* Resources */,
			);
			buildRules = (
			);
			dependencies = (
			);
			name = NWModel;
			productName = NWModel;
			productReference = 2753F20825CA4A2100C8291B /* NWModel.app */;
			productType = "com.apple.product-type.application";
		};
		2753F22225CA4A2400C8291B /* NWModelTests */ = {
			isa = PBXNativeTarget;
			buildConfigurationList = 2753F23A25CA4A2400C8291B /* Build configuration list for PBXNativeTarget "NWModelTests" */;
			buildPhases = (
				4917C738CEC2CE08BE68DD49 /* [CP] Check Pods Manifest.lock */,
				2753F21F25CA4A2400C8291B /* Sources */,
				2753F22025CA4A2400C8291B /* Frameworks */,
				2753F22125CA4A2400C8291B /* Resources */,
			);
			buildRules = (
			);
			dependencies = (
				2753F22525CA4A2400C8291B /* PBXTargetDependency */,
			);
			name = NWModelTests;
			productName = NWModelTests;
			productReference = 2753F22325CA4A2400C8291B /* NWModelTests.xctest */;
			productType = "com.apple.product-type.bundle.unit-test";
		};
		2753F22D25CA4A2400C8291B /* NWModelUITests */ = {
			isa = PBXNativeTarget;
			buildConfigurationList = 2753F23D25CA4A2400C8291B /* Build configuration list for PBXNativeTarget "NWModelUITests" */;
			buildPhases = (
				FDCB57B0FDBDDAE714A08A1A /* [CP] Check Pods Manifest.lock */,
				2753F22A25CA4A2400C8291B /* Sources */,
				2753F22B25CA4A2400C8291B /* Frameworks */,
				2753F22C25CA4A2400C8291B /* Resources */,
			);
			buildRules = (
			);
			dependencies = (
				2753F23025CA4A2400C8291B /* PBXTargetDependency */,
			);
			name = NWModelUITests;
			productName = NWModelUITests;
			productReference = 2753F22E25CA4A2400C8291B /* NWModelUITests.xctest */;
			productType = "com.apple.product-type.bundle.ui-testing";
		};
/* End PBXNativeTarget section */

/* Begin PBXProject section */
		2753F20025CA4A2100C8291B /* Project object */ = {
			isa = PBXProject;
			attributes = {
				LastUpgradeCheck = 1240;
				TargetAttributes = {
					2753F20725CA4A2100C8291B = {
						CreatedOnToolsVersion = 12.4;
					};
					2753F22225CA4A2400C8291B = {
						CreatedOnToolsVersion = 12.4;
						TestTargetID = 2753F20725CA4A2100C8291B;
					};
					2753F22D25CA4A2400C8291B = {
						CreatedOnToolsVersion = 12.4;
						TestTargetID = 2753F20725CA4A2100C8291B;
					};
				};
			};
			buildConfigurationList = 2753F20325CA4A2100C8291B /* Build configuration list for PBXProject "NWModel" */;
			compatibilityVersion = "Xcode 9.3";
			developmentRegion = en;
			hasScannedForEncodings = 0;
			knownRegions = (
				en,
				Base,
			);
			mainGroup = 2753F1FF25CA4A2100C8291B;
			productRefGroup = 2753F20925CA4A2100C8291B /* Products */;
			projectDirPath = "";
			projectRoot = "";
			targets = (
				2753F20725CA4A2100C8291B /* NWModel */,
				2753F22225CA4A2400C8291B /* NWModelTests */,
				2753F22D25CA4A2400C8291B /* NWModelUITests */,
			);
		};
/* End PBXProject section */

/* Begin PBXResourcesBuildPhase section */
		2753F20625CA4A2100C8291B /* Resources */ = {
			isa = PBXResourcesBuildPhase;
			buildActionMask = 2147483647;
			files = (
				2753F21B25CA4A2400C8291B /* LaunchScreen.storyboard in Resources */,
				2753F21825CA4A2400C8291B /* Assets.xcassets in Resources */,
				2753F21625CA4A2100C8291B /* Main.storyboard in Resources */,
			);
			runOnlyForDeploymentPostprocessing = 0;
		};
		2753F22125CA4A2400C8291B /* Resources */ = {
			isa = PBXResourcesBuildPhase;
			buildActionMask = 2147483647;
			files = (
			);
			runOnlyForDeploymentPostprocessing = 0;
		};
		2753F22C25CA4A2400C8291B /* Resources */ = {
			isa = PBXResourcesBuildPhase;
			buildActionMask = 2147483647;
			files = (
			);
			runOnlyForDeploymentPostprocessing = 0;
		};
/* End PBXResourcesBuildPhase section */

/* Begin PBXShellScriptBuildPhase section */
		4917C738CEC2CE08BE68DD49 /* [CP] Check Pods Manifest.lock */ = {
			isa = PBXShellScriptBuildPhase;
			buildActionMask = 2147483647;
			files = (
			);
			inputFileListPaths = (
			);
			inputPaths = (
				"${PODS_PODFILE_DIR_PATH}/Podfile.lock",
				"${PODS_ROOT}/Manifest.lock",
			);
			name = "[CP] Check Pods Manifest.lock";
			outputFileListPaths = (
			);
			outputPaths = (
				"$(DERIVED_FILE_DIR)/Pods-NWModelTests-checkManifestLockResult.txt",
			);
			runOnlyForDeploymentPostprocessing = 0;
			shellPath = /bin/sh;
			shellScript = "diff \"${PODS_PODFILE_DIR_PATH}/Podfile.lock\" \"${PODS_ROOT}/Manifest.lock\" > /dev/null\nif [ $? != 0 ] ; then\n    # print error to STDERR\n    echo \"error: The sandbox is not in sync with the Podfile.lock. Run 'pod install' or update your CocoaPods installation.\" >&2\n    exit 1\nfi\n# This output is used by Xcode 'outputs' to avoid re-running this script phase.\necho \"SUCCESS\" > \"${SCRIPT_OUTPUT_FILE_0}\"\n";
			showEnvVarsInLog = 0;
		};
		FDCB57B0FDBDDAE714A08A1A /* [CP] Check Pods Manifest.lock */ = {
			isa = PBXShellScriptBuildPhase;
			buildActionMask = 2147483647;
			files = (
			);
			inputFileListPaths = (
			);
			inputPaths = (
				"${PODS_PODFILE_DIR_PATH}/Podfile.lock",
				"${PODS_ROOT}/Manifest.lock",
			);
			name = "[CP] Check Pods Manifest.lock";
			outputFileListPaths = (
			);
			outputPaths = (
				"$(DERIVED_FILE_DIR)/Pods-NWModel-NWModelUITests-checkManifestLockResult.txt",
			);
			runOnlyForDeploymentPostprocessing = 0;
			shellPath = /bin/sh;
			shellScript = "diff \"${PODS_PODFILE_DIR_PATH}/Podfile.lock\" \"${PODS_ROOT}/Manifest.lock\" > /dev/null\nif [ $? != 0 ] ; then\n    # print error to STDERR\n    echo \"error: The sandbox is not in sync with the Podfile.lock. Run 'pod install' or update your CocoaPods installation.\" >&2\n    exit 1\nfi\n# This output is used by Xcode 'outputs' to avoid re-running this script phase.\necho \"SUCCESS\" > \"${SCRIPT_OUTPUT_FILE_0}\"\n";
			showEnvVarsInLog = 0;
		};
/* End PBXShellScriptBuildPhase section */

/* Begin PBXSourcesBuildPhase section */
		2753F20425CA4A2100C8291B /* Sources */ = {
			isa = PBXSourcesBuildPhase;
			buildActionMask = 2147483647;
			files = (
				27D4B15D25CBD6C4008002DF /* NSObject+NWModel.m in Sources */,
				2783FFCC25CC56F700E2309A /* CALayer+NWLayer.m in Sources */,
				27BD698625ED2CEB008F05D1 /* UIFont+FontSize.m in Sources */,
				2753F21325CA4A2100C8291B /* ViewController.m in Sources */,
				279484DA25F071F300B592CE /* NWTestLabel.m in Sources */,
				2714640025F0D5780071F1F9 /* NWTableCell.m in Sources */,
				279AFD9C25E88AC70032A4B0 /* NWFPSLabel.m in Sources */,
				2753F20D25CA4A2100C8291B /* AppDelegate.m in Sources */,
				2753F21E25CA4A2400C8291B /* main.m in Sources */,
				273D09D22601C5AE0083F73C /* NSObject+GTModel.m in Sources */,
				279AFD9625E887660032A4B0 /* NWProxy.m in Sources */,
				2753F21025CA4A2100C8291B /* SceneDelegate.m in Sources */,
				277AA99B25CCF011005EF904 /* NWClassInfo.m in Sources */,
				27F2BB8325D27FCF00F9C9EC /* NWUser.m in Sources */,
				27BD698025ED2B33008F05D1 /* UILabel+Extension.m in Sources */,
				273D09D82601CD630083F73C /* GTMovie.m in Sources */,
			);
			runOnlyForDeploymentPostprocessing = 0;
		};
		2753F21F25CA4A2400C8291B /* Sources */ = {
			isa = PBXSourcesBuildPhase;
			buildActionMask = 2147483647;
			files = (
				2753F22825CA4A2400C8291B /* NWModelTests.m in Sources */,
			);
			runOnlyForDeploymentPostprocessing = 0;
		};
		2753F22A25CA4A2400C8291B /* Sources */ = {
			isa = PBXSourcesBuildPhase;
			buildActionMask = 2147483647;
			files = (
				2753F23325CA4A2400C8291B /* NWModelUITests.m in Sources */,
			);
			runOnlyForDeploymentPostprocessing = 0;
		};
/* End PBXSourcesBuildPhase section */

/* Begin PBXTargetDependency section */
		2753F22525CA4A2400C8291B /* PBXTargetDependency */ = {
			isa = PBXTargetDependency;
			target = 2753F20725CA4A2100C8291B /* NWModel */;
			targetProxy = 2753F22425CA4A2400C8291B /* PBXContainerItemProxy */;
		};
		2753F23025CA4A2400C8291B /* PBXTargetDependency */ = {
			isa = PBXTargetDependency;
			target = 2753F20725CA4A2100C8291B /* NWModel */;
			targetProxy = 2753F22F25CA4A2400C8291B /* PBXContainerItemProxy */;
		};
/* End PBXTargetDependency section */

/* Begin PBXVariantGroup section */
		2753F21425CA4A2100C8291B /* Main.storyboard */ = {
			isa = PBXVariantGroup;
			children = (
				2753F21525CA4A2100C8291B /* Base */,
			);
			name = Main.storyboard;
			sourceTree = "<group>";
		};
		2753F21925CA4A2400C8291B /* LaunchScreen.storyboard */ = {
			isa = PBXVariantGroup;
			children = (
				2753F21A25CA4A2400C8291B /* Base */,
			);
			name = LaunchScreen.storyboard;
			sourceTree = "<group>";
		};
/* End PBXVariantGroup section */

/* Begin XCBuildConfiguration section */
		2753F23525CA4A2400C8291B /* Debug */ = {
			isa = XCBuildConfiguration;
			buildSettings = {
				ALWAYS_SEARCH_USER_PATHS = NO;
				CLANG_ANALYZER_NONNULL = YES;
				CLANG_ANALYZER_NUMBER_OBJECT_CONVERSION = YES_AGGRESSIVE;
				CLANG_CXX_LANGUAGE_STANDARD = "gnu++14";
				CLANG_CXX_LIBRARY = "libc++";
				CLANG_ENABLE_MODULES = YES;
				CLANG_ENABLE_OBJC_ARC = YES;
				CLANG_ENABLE_OBJC_WEAK = YES;
				CLANG_WARN_BLOCK_CAPTURE_AUTORELEASING = YES;
				CLANG_WARN_BOOL_CONVERSION = YES;
				CLANG_WARN_COMMA = YES;
				CLANG_WARN_CONSTANT_CONVERSION = YES;
				CLANG_WARN_DEPRECATED_OBJC_IMPLEMENTATIONS = YES;
				CLANG_WARN_DIRECT_OBJC_ISA_USAGE = YES_ERROR;
				CLANG_WARN_DOCUMENTATION_COMMENTS = YES;
				CLANG_WARN_EMPTY_BODY = YES;
				CLANG_WARN_ENUM_CONVERSION = YES;
				CLANG_WARN_INFINITE_RECURSION = YES;
				CLANG_WARN_INT_CONVERSION = YES;
				CLANG_WARN_NON_LITERAL_NULL_CONVERSION = YES;
				CLANG_WARN_OBJC_IMPLICIT_RETAIN_SELF = YES;
				CLANG_WARN_OBJC_LITERAL_CONVERSION = YES;
				CLANG_WARN_OBJC_ROOT_CLASS = YES_ERROR;
				CLANG_WARN_QUOTED_INCLUDE_IN_FRAMEWORK_HEADER = YES;
				CLANG_WARN_RANGE_LOOP_ANALYSIS = YES;
				CLANG_WARN_STRICT_PROTOTYPES = YES;
				CLANG_WARN_SUSPICIOUS_MOVE = YES;
				CLANG_WARN_UNGUARDED_AVAILABILITY = YES_AGGRESSIVE;
				CLANG_WARN_UNREACHABLE_CODE = YES;
				CLANG_WARN__DUPLICATE_METHOD_MATCH = YES;
				COPY_PHASE_STRIP = NO;
				DEBUG_INFORMATION_FORMAT = dwarf;
				ENABLE_STRICT_OBJC_MSGSEND = YES;
				ENABLE_TESTABILITY = YES;
				GCC_C_LANGUAGE_STANDARD = gnu11;
				GCC_DYNAMIC_NO_PIC = NO;
				GCC_NO_COMMON_BLOCKS = YES;
				GCC_OPTIMIZATION_LEVEL = 0;
				GCC_PREPROCESSOR_DEFINITIONS = (
					"DEBUG=1",
					"$(inherited)",
				);
				GCC_WARN_64_TO_32_BIT_CONVERSION = YES;
				GCC_WARN_ABOUT_RETURN_TYPE = YES_ERROR;
				GCC_WARN_UNDECLARED_SELECTOR = YES;
				GCC_WARN_UNINITIALIZED_AUTOS = YES_AGGRESSIVE;
				GCC_WARN_UNUSED_FUNCTION = YES;
				GCC_WARN_UNUSED_VARIABLE = YES;
				IPHONEOS_DEPLOYMENT_TARGET = 14.4;
				MTL_ENABLE_DEBUG_INFO = INCLUDE_SOURCE;
				MTL_FAST_MATH = YES;
				ONLY_ACTIVE_ARCH = YES;
				SDKROOT = iphoneos;
			};
			name = Debug;
		};
		2753F23625CA4A2400C8291B /* Release */ = {
			isa = XCBuildConfiguration;
			buildSettings = {
				ALWAYS_SEARCH_USER_PATHS = NO;
				CLANG_ANALYZER_NONNULL = YES;
				CLANG_ANALYZER_NUMBER_OBJECT_CONVERSION = YES_AGGRESSIVE;
				CLANG_CXX_LANGUAGE_STANDARD = "gnu++14";
				CLANG_CXX_LIBRARY = "libc++";
				CLANG_ENABLE_MODULES = YES;
				CLANG_ENABLE_OBJC_ARC = YES;
				CLANG_ENABLE_OBJC_WEAK = YES;
				CLANG_WARN_BLOCK_CAPTURE_AUTORELEASING = YES;
				CLANG_WARN_BOOL_CONVERSION = YES;
				CLANG_WARN_COMMA = YES;
				CLANG_WARN_CONSTANT_CONVERSION = YES;
				CLANG_WARN_DEPRECATED_OBJC_IMPLEMENTATIONS = YES;
				CLANG_WARN_DIRECT_OBJC_ISA_USAGE = YES_ERROR;
				CLANG_WARN_DOCUMENTATION_COMMENTS = YES;
				CLANG_WARN_EMPTY_BODY = YES;
				CLANG_WARN_ENUM_CONVERSION = YES;
				CLANG_WARN_INFINITE_RECURSION = YES;
				CLANG_WARN_INT_CONVERSION = YES;
				CLANG_WARN_NON_LITERAL_NULL_CONVERSION = YES;
				CLANG_WARN_OBJC_IMPLICIT_RETAIN_SELF = YES;
				CLANG_WARN_OBJC_LITERAL_CONVERSION = YES;
				CLANG_WARN_OBJC_ROOT_CLASS = YES_ERROR;
				CLANG_WARN_QUOTED_INCLUDE_IN_FRAMEWORK_HEADER = YES;
				CLANG_WARN_RANGE_LOOP_ANALYSIS = YES;
				CLANG_WARN_STRICT_PROTOTYPES = YES;
				CLANG_WARN_SUSPICIOUS_MOVE = YES;
				CLANG_WARN_UNGUARDED_AVAILABILITY = YES_AGGRESSIVE;
				CLANG_WARN_UNREACHABLE_CODE = YES;
				CLANG_WARN__DUPLICATE_METHOD_MATCH = YES;
				COPY_PHASE_STRIP = NO;
				DEBUG_INFORMATION_FORMAT = "dwarf-with-dsym";
				ENABLE_NS_ASSERTIONS = NO;
				ENABLE_STRICT_OBJC_MSGSEND = YES;
				GCC_C_LANGUAGE_STANDARD = gnu11;
				GCC_NO_COMMON_BLOCKS = YES;
				GCC_WARN_64_TO_32_BIT_CONVERSION = YES;
				GCC_WARN_ABOUT_RETURN_TYPE = YES_ERROR;
				GCC_WARN_UNDECLARED_SELECTOR = YES;
				GCC_WARN_UNINITIALIZED_AUTOS = YES_AGGRESSIVE;
				GCC_WARN_UNUSED_FUNCTION = YES;
				GCC_WARN_UNUSED_VARIABLE = YES;
				IPHONEOS_DEPLOYMENT_TARGET = 14.4;
				MTL_ENABLE_DEBUG_INFO = NO;
				MTL_FAST_MATH = YES;
				SDKROOT = iphoneos;
				VALIDATE_PRODUCT = YES;
			};
			name = Release;
		};
		2753F23825CA4A2400C8291B /* Debug */ = {
			isa = XCBuildConfiguration;
			buildSettings = {
				ASSETCATALOG_COMPILER_APPICON_NAME = AppIcon;
				ASSETCATALOG_COMPILER_GLOBAL_ACCENT_COLOR_NAME = AccentColor;
				CODE_SIGN_STYLE = Automatic;
				DEBUG_INFORMATION_FORMAT = "dwarf-with-dsym";
				DEVELOPMENT_TEAM = CVT5K5W5HB;
				INFOPLIST_FILE = NWModel/Info.plist;
				IPHONEOS_DEPLOYMENT_TARGET = 10.0;
				LD_RUNPATH_SEARCH_PATHS = (
					"$(inherited)",
					"@executable_path/Frameworks",
				);
				PRODUCT_BUNDLE_IDENTIFIER = "Co.-Ltd...NWModel";
				PRODUCT_NAME = "$(TARGET_NAME)";
				TARGETED_DEVICE_FAMILY = 1;
			};
			name = Debug;
		};
		2753F23925CA4A2400C8291B /* Release */ = {
			isa = XCBuildConfiguration;
			buildSettings = {
				ASSETCATALOG_COMPILER_APPICON_NAME = AppIcon;
				ASSETCATALOG_COMPILER_GLOBAL_ACCENT_COLOR_NAME = AccentColor;
				CODE_SIGN_STYLE = Automatic;
				DEVELOPMENT_TEAM = CVT5K5W5HB;
				INFOPLIST_FILE = NWModel/Info.plist;
				IPHONEOS_DEPLOYMENT_TARGET = 10.0;
				LD_RUNPATH_SEARCH_PATHS = (
					"$(inherited)",
					"@executable_path/Frameworks",
				);
				PRODUCT_BUNDLE_IDENTIFIER = "Co.-Ltd...NWModel";
				PRODUCT_NAME = "$(TARGET_NAME)";
				TARGETED_DEVICE_FAMILY = 1;
			};
			name = Release;
		};
		2753F23B25CA4A2400C8291B /* Debug */ = {
			isa = XCBuildConfiguration;
			buildSettings = {
				BUNDLE_LOADER = "$(TEST_HOST)";
				CODE_SIGN_STYLE = Automatic;
				DEVELOPMENT_TEAM = CVT5K5W5HB;
				INFOPLIST_FILE = NWModelTests/Info.plist;
				IPHONEOS_DEPLOYMENT_TARGET = 14.4;
				LD_RUNPATH_SEARCH_PATHS = (
					"$(inherited)",
					"@executable_path/Frameworks",
					"@loader_path/Frameworks",
				);
				PRODUCT_BUNDLE_IDENTIFIER = "Co.-Ltd...NWModelTests";
				PRODUCT_NAME = "$(TARGET_NAME)";
				TARGETED_DEVICE_FAMILY = "1,2";
				TEST_HOST = "$(BUILT_PRODUCTS_DIR)/NWModel.app/NWModel";
			};
			name = Debug;
		};
		2753F23C25CA4A2400C8291B /* Release */ = {
			isa = XCBuildConfiguration;
			buildSettings = {
				BUNDLE_LOADER = "$(TEST_HOST)";
				CODE_SIGN_STYLE = Automatic;
				DEVELOPMENT_TEAM = CVT5K5W5HB;
				INFOPLIST_FILE = NWModelTests/Info.plist;
				IPHONEOS_DEPLOYMENT_TARGET = 14.4;
				LD_RUNPATH_SEARCH_PATHS = (
					"$(inherited)",
					"@executable_path/Frameworks",
					"@loader_path/Frameworks",
				);
				PRODUCT_BUNDLE_IDENTIFIER = "Co.-Ltd...NWModelTests";
				PRODUCT_NAME = "$(TARGET_NAME)";
				TARGETED_DEVICE_FAMILY = "1,2";
				TEST_HOST = "$(BUILT_PRODUCTS_DIR)/NWModel.app/NWModel";
			};
			name = Release;
		};
		2753F23E25CA4A2400C8291B /* Debug */ = {
			isa = XCBuildConfiguration;
			buildSettings = {
				CODE_SIGN_STYLE = Automatic;
				DEVELOPMENT_TEAM = CVT5K5W5HB;
				INFOPLIST_FILE = NWModelUITests/Info.plist;
				LD_RUNPATH_SEARCH_PATHS = (
					"$(inherited)",
					"@executable_path/Frameworks",
					"@loader_path/Frameworks",
				);
				PRODUCT_BUNDLE_IDENTIFIER = "Co.-Ltd...NWModelUITests";
				PRODUCT_NAME = "$(TARGET_NAME)";
				TARGETED_DEVICE_FAMILY = "1,2";
				TEST_TARGET_NAME = NWModel;
			};
			name = Debug;
		};
		2753F23F25CA4A2400C8291B /* Release */ = {
			isa = XCBuildConfiguration;
			buildSettings = {
				CODE_SIGN_STYLE = Automatic;
				DEVELOPMENT_TEAM = CVT5K5W5HB;
				INFOPLIST_FILE = NWModelUITests/Info.plist;
				LD_RUNPATH_SEARCH_PATHS = (
					"$(inherited)",
					"@executable_path/Frameworks",
					"@loader_path/Frameworks",
				);
				PRODUCT_BUNDLE_IDENTIFIER = "Co.-Ltd...NWModelUITests";
				PRODUCT_NAME = "$(TARGET_NAME)";
				TARGETED_DEVICE_FAMILY = "1,2";
				TEST_TARGET_NAME = NWModel;
			};
			name = Release;
		};
/* End XCBuildConfiguration section */

/* Begin XCConfigurationList section */
		2753F20325CA4A2100C8291B /* Build configuration list for PBXProject "NWModel" */ = {
			isa = XCConfigurationList;
			buildConfigurations = (
				2753F23525CA4A2400C8291B /* Debug */,
				2753F23625CA4A2400C8291B /* Release */,
			);
			defaultConfigurationIsVisible = 0;
			defaultConfigurationName = Release;
		};
		2753F23725CA4A2400C8291B /* Build configuration list for PBXNativeTarget "NWModel" */ = {
			isa = XCConfigurationList;
			buildConfigurations = (
				2753F23825CA4A2400C8291B /* Debug */,
				2753F23925CA4A2400C8291B /* Release */,
			);
			defaultConfigurationIsVisible = 0;
			defaultConfigurationName = Release;
		};
		2753F23A25CA4A2400C8291B /* Build configuration list for PBXNativeTarget "NWModelTests" */ = {
			isa = XCConfigurationList;
			buildConfigurations = (
				2753F23B25CA4A2400C8291B /* Debug */,
				2753F23C25CA4A2400C8291B /* Release */,
			);
			defaultConfigurationIsVisible = 0;
			defaultConfigurationName = Release;
		};
		2753F23D25CA4A2400C8291B /* Build configuration list for PBXNativeTarget "NWModelUITests" */ = {
			isa = XCConfigurationList;
			buildConfigurations = (
				2753F23E25CA4A2400C8291B /* Debug */,
				2753F23F25CA4A2400C8291B /* Release */,
			);
			defaultConfigurationIsVisible = 0;
			defaultConfigurationName = Release;
		};
/* End XCConfigurationList section */
	};
	rootObject = 2753F20025CA4A2100C8291B /* Project object */;
}
