// !$*UTF8*$!
{
	archiveVersion = 1;
	classes = {
	};
	objectVersion = 55;
	objects = {

/* Begin PBXBuildFile section */
		B11F6EAC28450970001914CD /* AppDelegate.m in Sources */ = {isa = PBXBuildFile; fileRef = B11F6EAB28450970001914CD /* AppDelegate.m */; };
		B11F6EAF28450970001914CD /* SceneDelegate.m in Sources */ = {isa = PBXBuildFile; fileRef = B11F6EAE28450970001914CD /* SceneDelegate.m */; };
		B11F6EB228450970001914CD /* ViewController.m in Sources */ = {isa = PBXBuildFile; fileRef = B11F6EB128450970001914CD /* ViewController.m */; };
		B11F6EB528450970001914CD /* Main.storyboard in Resources */ = {isa = PBXBuildFile; fileRef = B11F6EB328450970001914CD /* Main.storyboard */; };
		B11F6EB728450971001914CD /* Assets.xcassets in Resources */ = {isa = PBXBuildFile; fileRef = B11F6EB628450971001914CD /* Assets.xcassets */; };
		B11F6EBA28450971001914CD /* LaunchScreen.storyboard in Resources */ = {isa = PBXBuildFile; fileRef = B11F6EB828450971001914CD /* LaunchScreen.storyboard */; };
		B11F6EBD28450971001914CD /* main.m in Sources */ = {isa = PBXBuildFile; fileRef = B11F6EBC28450971001914CD /* main.m */; };
		B11F6EC728450971001914CD /* TestMutableDictionaryTests.m in Sources */ = {isa = PBXBuildFile; fileRef = B11F6EC628450971001914CD /* TestMutableDictionaryTests.m */; };
		B11F6ED128450971001914CD /* TestMutableDictionaryUITests.m in Sources */ = {isa = PBXBuildFile; fileRef = B11F6ED028450971001914CD /* TestMutableDictionaryUITests.m */; };
		B11F6ED328450971001914CD /* TestMutableDictionaryUITestsLaunchTests.m in Sources */ = {isa = PBXBuildFile; fileRef = B11F6ED228450971001914CD /* TestMutableDictionaryUITestsLaunchTests.m */; };
		B11F6EE128450982001914CD /* NSMutableDictionary+Safe.m in Sources */ = {isa = PBXBuildFile; fileRef = B11F6EDF28450982001914CD /* NSMutableDictionary+Safe.m */; };
/* End PBXBuildFile section */

/* Begin PBXContainerItemProxy section */
		B11F6EC328450971001914CD /* PBXContainerItemProxy */ = {
			isa = PBXContainerItemProxy;
			containerPortal = B11F6E9F28450970001914CD /* Project object */;
			proxyType = 1;
			remoteGlobalIDString = B11F6EA628450970001914CD;
			remoteInfo = TestMutableDictionary;
		};
		B11F6ECD28450971001914CD /* PBXContainerItemProxy */ = {
			isa = PBXContainerItemProxy;
			containerPortal = B11F6E9F28450970001914CD /* Project object */;
			proxyType = 1;
			remoteGlobalIDString = B11F6EA628450970001914CD;
			remoteInfo = TestMutableDictionary;
		};
/* End PBXContainerItemProxy section */

/* Begin PBXFileReference section */
		B11F6EA728450970001914CD /* TestMutableDictionary.app */ = {isa = PBXFileReference; explicitFileType = wrapper.application; includeInIndex = 0; path = TestMutableDictionary.app; sourceTree = BUILT_PRODUCTS_DIR; };
		B11F6EAA28450970001914CD /* AppDelegate.h */ = {isa = PBXFileReference; lastKnownFileType = sourcecode.c.h; path = AppDelegate.h; sourceTree = "<group>"; };
		B11F6EAB28450970001914CD /* AppDelegate.m */ = {isa = PBXFileReference; lastKnownFileType = sourcecode.c.objc; path = AppDelegate.m; sourceTree = "<group>"; };
		B11F6EAD28450970001914CD /* SceneDelegate.h */ = {isa = PBXFileReference; lastKnownFileType = sourcecode.c.h; path = SceneDelegate.h; sourceTree = "<group>"; };
		B11F6EAE28450970001914CD /* SceneDelegate.m */ = {isa = PBXFileReference; lastKnownFileType = sourcecode.c.objc; path = SceneDelegate.m; sourceTree = "<group>"; };
		B11F6EB028450970001914CD /* ViewController.h */ = {isa = PBXFileReference; lastKnownFileType = sourcecode.c.h; path = ViewController.h; sourceTree = "<group>"; };
		B11F6EB128450970001914CD /* ViewController.m */ = {isa = PBXFileReference; lastKnownFileType = sourcecode.c.objc; path = ViewController.m; sourceTree = "<group>"; };
		B11F6EB428450970001914CD /* Base */ = {isa = PBXFileReference; lastKnownFileType = file.storyboard; name = Base; path = Base.lproj/Main.storyboard; sourceTree = "<group>"; };
		B11F6EB628450971001914CD /* Assets.xcassets */ = {isa = PBXFileReference; lastKnownFileType = folder.assetcatalog; path = Assets.xcassets; sourceTree = "<group>"; };
		B11F6EB928450971001914CD /* Base */ = {isa = PBXFileReference; lastKnownFileType = file.storyboard; name = Base; path = Base.lproj/LaunchScreen.storyboard; sourceTree = "<group>"; };
		B11F6EBB28450971001914CD /* Info.plist */ = {isa = PBXFileReference; lastKnownFileType = text.plist.xml; path = Info.plist; sourceTree = "<group>"; };
		B11F6EBC28450971001914CD /* main.m */ = {isa = PBXFileReference; lastKnownFileType = sourcecode.c.objc; path = main.m; sourceTree = "<group>"; };
		B11F6EC228450971001914CD /* TestMutableDictionaryTests.xctest */ = {isa = PBXFileReference; explicitFileType = wrapper.cfbundle; includeInIndex = 0; path = TestMutableDictionaryTests.xctest; sourceTree = BUILT_PRODUCTS_DIR; };
		B11F6EC628450971001914CD /* TestMutableDictionaryTests.m */ = {isa = PBXFileReference; lastKnownFileType = sourcecode.c.objc; path = TestMutableDictionaryTests.m; sourceTree = "<group>"; };
		B11F6ECC28450971001914CD /* TestMutableDictionaryUITests.xctest */ = {isa = PBXFileReference; explicitFileType = wrapper.cfbundle; includeInIndex = 0; path = TestMutableDictionaryUITests.xctest; sourceTree = BUILT_PRODUCTS_DIR; };
		B11F6ED028450971001914CD /* TestMutableDictionaryUITests.m */ = {isa = PBXFileReference; lastKnownFileType = sourcecode.c.objc; path = TestMutableDictionaryUITests.m; sourceTree = "<group>"; };
		B11F6ED228450971001914CD /* TestMutableDictionaryUITestsLaunchTests.m */ = {isa = PBXFileReference; lastKnownFileType = sourcecode.c.objc; path = TestMutableDictionaryUITestsLaunchTests.m; sourceTree = "<group>"; };
		B11F6EDF28450982001914CD /* NSMutableDictionary+Safe.m */ = {isa = PBXFileReference; fileEncoding = 4; lastKnownFileType = sourcecode.c.objc; path = "NSMutableDictionary+Safe.m"; sourceTree = "<group>"; };
		B11F6EE028450982001914CD /* NSMutableDictionary+Safe.h */ = {isa = PBXFileReference; fileEncoding = 4; lastKnownFileType = sourcecode.c.h; path = "NSMutableDictionary+Safe.h"; sourceTree = "<group>"; };
/* End PBXFileReference section */

/* Begin PBXFrameworksBuildPhase section */
		B11F6EA428450970001914CD /* Frameworks */ = {
			isa = PBXFrameworksBuildPhase;
			buildActionMask = 2147483647;
			files = (
			);
			runOnlyForDeploymentPostprocessing = 0;
		};
		B11F6EBF28450971001914CD /* Frameworks */ = {
			isa = PBXFrameworksBuildPhase;
			buildActionMask = 2147483647;
			files = (
			);
			runOnlyForDeploymentPostprocessing = 0;
		};
		B11F6EC928450971001914CD /* Frameworks */ = {
			isa = PBXFrameworksBuildPhase;
			buildActionMask = 2147483647;
			files = (
			);
			runOnlyForDeploymentPostprocessing = 0;
		};
/* End PBXFrameworksBuildPhase section */

/* Begin PBXGroup section */
		B11F6E9E28450970001914CD = {
			isa = PBXGroup;
			children = (
				B11F6EA928450970001914CD /* TestMutableDictionary */,
				B11F6EC528450971001914CD /* TestMutableDictionaryTests */,
				B11F6ECF28450971001914CD /* TestMutableDictionaryUITests */,
				B11F6EA828450970001914CD /* Products */,
			);
			sourceTree = "<group>";
		};
		B11F6EA828450970001914CD /* Products */ = {
			isa = PBXGroup;
			children = (
				B11F6EA728450970001914CD /* TestMutableDictionary.app */,
				B11F6EC228450971001914CD /* TestMutableDictionaryTests.xctest */,
				B11F6ECC28450971001914CD /* TestMutableDictionaryUITests.xctest */,
			);
			name = Products;
			sourceTree = "<group>";
		};
		B11F6EA928450970001914CD /* TestMutableDictionary */ = {
			isa = PBXGroup;
			children = (
				B11F6EAA28450970001914CD /* AppDelegate.h */,
				B11F6EAB28450970001914CD /* AppDelegate.m */,
				B11F6EAD28450970001914CD /* SceneDelegate.h */,
				B11F6EAE28450970001914CD /* SceneDelegate.m */,
				B11F6EB028450970001914CD /* ViewController.h */,
				B11F6EB128450970001914CD /* ViewController.m */,
				B11F6EE028450982001914CD /* NSMutableDictionary+Safe.h */,
				B11F6EDF28450982001914CD /* NSMutableDictionary+Safe.m */,
				B11F6EB328450970001914CD /* Main.storyboard */,
				B11F6EB628450971001914CD /* Assets.xcassets */,
				B11F6EB828450971001914CD /* LaunchScreen.storyboard */,
				B11F6EBB28450971001914CD /* Info.plist */,
				B11F6EBC28450971001914CD /* main.m */,
			);
			path = TestMutableDictionary;
			sourceTree = "<group>";
		};
		B11F6EC528450971001914CD /* TestMutableDictionaryTests */ = {
			isa = PBXGroup;
			children = (
				B11F6EC628450971001914CD /* TestMutableDictionaryTests.m */,
			);
			path = TestMutableDictionaryTests;
			sourceTree = "<group>";
		};
		B11F6ECF28450971001914CD /* TestMutableDictionaryUITests */ = {
			isa = PBXGroup;
			children = (
				B11F6ED028450971001914CD /* TestMutableDictionaryUITests.m */,
				B11F6ED228450971001914CD /* TestMutableDictionaryUITestsLaunchTests.m */,
			);
			path = TestMutableDictionaryUITests;
			sourceTree = "<group>";
		};
/* End PBXGroup section */

/* Begin PBXNativeTarget section */
		B11F6EA628450970001914CD /* TestMutableDictionary */ = {
			isa = PBXNativeTarget;
			buildConfigurationList = B11F6ED628450971001914CD /* Build configuration list for PBXNativeTarget "TestMutableDictionary" */;
			buildPhases = (
				B11F6EA328450970001914CD /* Sources */,
				B11F6EA428450970001914CD /* Frameworks */,
				B11F6EA528450970001914CD /* Resources */,
			);
			buildRules = (
			);
			dependencies = (
			);
			name = TestMutableDictionary;
			productName = TestMutableDictionary;
			productReference = B11F6EA728450970001914CD /* TestMutableDictionary.app */;
			productType = "com.apple.product-type.application";
		};
		B11F6EC128450971001914CD /* TestMutableDictionaryTests */ = {
			isa = PBXNativeTarget;
			buildConfigurationList = B11F6ED928450971001914CD /* Build configuration list for PBXNativeTarget "TestMutableDictionaryTests" */;
			buildPhases = (
				B11F6EBE28450971001914CD /* Sources */,
				B11F6EBF28450971001914CD /* Frameworks */,
				B11F6EC028450971001914CD /* Resources */,
			);
			buildRules = (
			);
			dependencies = (
				B11F6EC428450971001914CD /* PBXTargetDependency */,
			);
			name = TestMutableDictionaryTests;
			productName = TestMutableDictionaryTests;
			productReference = B11F6EC228450971001914CD /* TestMutableDictionaryTests.xctest */;
			productType = "com.apple.product-type.bundle.unit-test";
		};
		B11F6ECB28450971001914CD /* TestMutableDictionaryUITests */ = {
			isa = PBXNativeTarget;
			buildConfigurationList = B11F6EDC28450971001914CD /* Build configuration list for PBXNativeTarget "TestMutableDictionaryUITests" */;
			buildPhases = (
				B11F6EC828450971001914CD /* Sources */,
				B11F6EC928450971001914CD /* Frameworks */,
				B11F6ECA28450971001914CD /* Resources */,
			);
			buildRules = (
			);
			dependencies = (
				B11F6ECE28450971001914CD /* PBXTargetDependency */,
			);
			name = TestMutableDictionaryUITests;
			productName = TestMutableDictionaryUITests;
			productReference = B11F6ECC28450971001914CD /* TestMutableDictionaryUITests.xctest */;
			productType = "com.apple.product-type.bundle.ui-testing";
		};
/* End PBXNativeTarget section */

/* Begin PBXProject section */
		B11F6E9F28450970001914CD /* Project object */ = {
			isa = PBXProject;
			attributes = {
				BuildIndependentTargetsInParallel = 1;
				LastUpgradeCheck = 1320;
				TargetAttributes = {
					B11F6EA628450970001914CD = {
						CreatedOnToolsVersion = 13.2.1;
					};
					B11F6EC128450971001914CD = {
						CreatedOnToolsVersion = 13.2.1;
						TestTargetID = B11F6EA628450970001914CD;
					};
					B11F6ECB28450971001914CD = {
						CreatedOnToolsVersion = 13.2.1;
						TestTargetID = B11F6EA628450970001914CD;
					};
				};
			};
			buildConfigurationList = B11F6EA228450970001914CD /* Build configuration list for PBXProject "TestMutableDictionary" */;
			compatibilityVersion = "Xcode 13.0";
			developmentRegion = en;
			hasScannedForEncodings = 0;
			knownRegions = (
				en,
				Base,
			);
			mainGroup = B11F6E9E28450970001914CD;
			productRefGroup = B11F6EA828450970001914CD /* Products */;
			projectDirPath = "";
			projectRoot = "";
			targets = (
				B11F6EA628450970001914CD /* TestMutableDictionary */,
				B11F6EC128450971001914CD /* TestMutableDictionaryTests */,
				B11F6ECB28450971001914CD /* TestMutableDictionaryUITests */,
			);
		};
/* End PBXProject section */

/* Begin PBXResourcesBuildPhase section */
		B11F6EA528450970001914CD /* Resources */ = {
			isa = PBXResourcesBuildPhase;
			buildActionMask = 2147483647;
			files = (
				B11F6EBA28450971001914CD /* LaunchScreen.storyboard in Resources */,
				B11F6EB728450971001914CD /* Assets.xcassets in Resources */,
				B11F6EB528450970001914CD /* Main.storyboard in Resources */,
			);
			runOnlyForDeploymentPostprocessing = 0;
		};
		B11F6EC028450971001914CD /* Resources */ = {
			isa = PBXResourcesBuildPhase;
			buildActionMask = 2147483647;
			files = (
			);
			runOnlyForDeploymentPostprocessing = 0;
		};
		B11F6ECA28450971001914CD /* Resources */ = {
			isa = PBXResourcesBuildPhase;
			buildActionMask = 2147483647;
			files = (
			);
			runOnlyForDeploymentPostprocessing = 0;
		};
/* End PBXResourcesBuildPhase section */

/* Begin PBXSourcesBuildPhase section */
		B11F6EA328450970001914CD /* Sources */ = {
			isa = PBXSourcesBuildPhase;
			buildActionMask = 2147483647;
			files = (
				B11F6EB228450970001914CD /* ViewController.m in Sources */,
				B11F6EAC28450970001914CD /* AppDelegate.m in Sources */,
				B11F6EBD28450971001914CD /* main.m in Sources */,
				B11F6EAF28450970001914CD /* SceneDelegate.m in Sources */,
				B11F6EE128450982001914CD /* NSMutableDictionary+Safe.m in Sources */,
			);
			runOnlyForDeploymentPostprocessing = 0;
		};
		B11F6EBE28450971001914CD /* Sources */ = {
			isa = PBXSourcesBuildPhase;
			buildActionMask = 2147483647;
			files = (
				B11F6EC728450971001914CD /* TestMutableDictionaryTests.m in Sources */,
			);
			runOnlyForDeploymentPostprocessing = 0;
		};
		B11F6EC828450971001914CD /* Sources */ = {
			isa = PBXSourcesBuildPhase;
			buildActionMask = 2147483647;
			files = (
				B11F6ED128450971001914CD /* TestMutableDictionaryUITests.m in Sources */,
				B11F6ED328450971001914CD /* TestMutableDictionaryUITestsLaunchTests.m in Sources */,
			);
			runOnlyForDeploymentPostprocessing = 0;
		};
/* End PBXSourcesBuildPhase section */

/* Begin PBXTargetDependency section */
		B11F6EC428450971001914CD /* PBXTargetDependency */ = {
			isa = PBXTargetDependency;
			target = B11F6EA628450970001914CD /* TestMutableDictionary */;
			targetProxy = B11F6EC328450971001914CD /* PBXContainerItemProxy */;
		};
		B11F6ECE28450971001914CD /* PBXTargetDependency */ = {
			isa = PBXTargetDependency;
			target = B11F6EA628450970001914CD /* TestMutableDictionary */;
			targetProxy = B11F6ECD28450971001914CD /* PBXContainerItemProxy */;
		};
/* End PBXTargetDependency section */

/* Begin PBXVariantGroup section */
		B11F6EB328450970001914CD /* Main.storyboard */ = {
			isa = PBXVariantGroup;
			children = (
				B11F6EB428450970001914CD /* Base */,
			);
			name = Main.storyboard;
			sourceTree = "<group>";
		};
		B11F6EB828450971001914CD /* LaunchScreen.storyboard */ = {
			isa = PBXVariantGroup;
			children = (
				B11F6EB928450971001914CD /* Base */,
			);
			name = LaunchScreen.storyboard;
			sourceTree = "<group>";
		};
/* End PBXVariantGroup section */

/* Begin XCBuildConfiguration section */
		B11F6ED428450971001914CD /* Debug */ = {
			isa = XCBuildConfiguration;
			buildSettings = {
				ALWAYS_SEARCH_USER_PATHS = NO;
				CLANG_ANALYZER_NONNULL = YES;
				CLANG_ANALYZER_NUMBER_OBJECT_CONVERSION = YES_AGGRESSIVE;
				CLANG_CXX_LANGUAGE_STANDARD = "gnu++17";
				CLANG_CXX_LIBRARY = "libc++";
				CLANG_ENABLE_MODULES = YES;
				CLANG_ENABLE_OBJC_ARC = YES;
				CLANG_ENABLE_OBJC_WEAK = YES;
				CLANG_WARN_BLOCK_CAPTURE_AUTORELEASING = YES;
				CLANG_WARN_BOOL_CONVERSION = YES;
				CLANG_WARN_COMMA = YES;
				CLANG_WARN_CONSTANT_CONVERSION = YES;
				CLANG_WARN_DEPRECATED_OBJC_IMPLEMENTATIONS = YES;
				CLANG_WARN_DIRECT_OBJC_ISA_USAGE = YES_ERROR;
				CLANG_WARN_DOCUMENTATION_COMMENTS = YES;
				CLANG_WARN_EMPTY_BODY = YES;
				CLANG_WARN_ENUM_CONVERSION = YES;
				CLANG_WARN_INFINITE_RECURSION = YES;
				CLANG_WARN_INT_CONVERSION = YES;
				CLANG_WARN_NON_LITERAL_NULL_CONVERSION = YES;
				CLANG_WARN_OBJC_IMPLICIT_RETAIN_SELF = YES;
				CLANG_WARN_OBJC_LITERAL_CONVERSION = YES;
				CLANG_WARN_OBJC_ROOT_CLASS = YES_ERROR;
				CLANG_WARN_QUOTED_INCLUDE_IN_FRAMEWORK_HEADER = YES;
				CLANG_WARN_RANGE_LOOP_ANALYSIS = YES;
				CLANG_WARN_STRICT_PROTOTYPES = YES;
				CLANG_WARN_SUSPICIOUS_MOVE = YES;
				CLANG_WARN_UNGUARDED_AVAILABILITY = YES_AGGRESSIVE;
				CLANG_WARN_UNREACHABLE_CODE = YES;
				CLANG_WARN__DUPLICATE_METHOD_MATCH = YES;
				COPY_PHASE_STRIP = NO;
				DEBUG_INFORMATION_FORMAT = dwarf;
				ENABLE_STRICT_OBJC_MSGSEND = YES;
				ENABLE_TESTABILITY = YES;
				GCC_C_LANGUAGE_STANDARD = gnu11;
				GCC_DYNAMIC_NO_PIC = NO;
				GCC_NO_COMMON_BLOCKS = YES;
				GCC_OPTIMIZATION_LEVEL = 0;
				GCC_PREPROCESSOR_DEFINITIONS = (
					"DEBUG=1",
					"$(inherited)",
				);
				GCC_WARN_64_TO_32_BIT_CONVERSION = YES;
				GCC_WARN_ABOUT_RETURN_TYPE = YES_ERROR;
				GCC_WARN_UNDECLARED_SELECTOR = YES;
				GCC_WARN_UNINITIALIZED_AUTOS = YES_AGGRESSIVE;
				GCC_WARN_UNUSED_FUNCTION = YES;
				GCC_WARN_UNUSED_VARIABLE = YES;
				IPHONEOS_DEPLOYMENT_TARGET = 15.2;
				MTL_ENABLE_DEBUG_INFO = INCLUDE_SOURCE;
				MTL_FAST_MATH = YES;
				ONLY_ACTIVE_ARCH = YES;
				SDKROOT = iphoneos;
			};
			name = Debug;
		};
		B11F6ED528450971001914CD /* Release */ = {
			isa = XCBuildConfiguration;
			buildSettings = {
				ALWAYS_SEARCH_USER_PATHS = NO;
				CLANG_ANALYZER_NONNULL = YES;
				CLANG_ANALYZER_NUMBER_OBJECT_CONVERSION = YES_AGGRESSIVE;
				CLANG_CXX_LANGUAGE_STANDARD = "gnu++17";
				CLANG_CXX_LIBRARY = "libc++";
				CLANG_ENABLE_MODULES = YES;
				CLANG_ENABLE_OBJC_ARC = YES;
				CLANG_ENABLE_OBJC_WEAK = YES;
				CLANG_WARN_BLOCK_CAPTURE_AUTORELEASING = YES;
				CLANG_WARN_BOOL_CONVERSION = YES;
				CLANG_WARN_COMMA = YES;
				CLANG_WARN_CONSTANT_CONVERSION = YES;
				CLANG_WARN_DEPRECATED_OBJC_IMPLEMENTATIONS = YES;
				CLANG_WARN_DIRECT_OBJC_ISA_USAGE = YES_ERROR;
				CLANG_WARN_DOCUMENTATION_COMMENTS = YES;
				CLANG_WARN_EMPTY_BODY = YES;
				CLANG_WARN_ENUM_CONVERSION = YES;
				CLANG_WARN_INFINITE_RECURSION = YES;
				CLANG_WARN_INT_CONVERSION = YES;
				CLANG_WARN_NON_LITERAL_NULL_CONVERSION = YES;
				CLANG_WARN_OBJC_IMPLICIT_RETAIN_SELF = YES;
				CLANG_WARN_OBJC_LITERAL_CONVERSION = YES;
				CLANG_WARN_OBJC_ROOT_CLASS = YES_ERROR;
				CLANG_WARN_QUOTED_INCLUDE_IN_FRAMEWORK_HEADER = YES;
				CLANG_WARN_RANGE_LOOP_ANALYSIS = YES;
				CLANG_WARN_STRICT_PROTOTYPES = YES;
				CLANG_WARN_SUSPICIOUS_MOVE = YES;
				CLANG_WARN_UNGUARDED_AVAILABILITY = YES_AGGRESSIVE;
				CLANG_WARN_UNREACHABLE_CODE = YES;
				CLANG_WARN__DUPLICATE_METHOD_MATCH = YES;
				COPY_PHASE_STRIP = NO;
				DEBUG_INFORMATION_FORMAT = "dwarf-with-dsym";
				ENABLE_NS_ASSERTIONS = NO;
				ENABLE_STRICT_OBJC_MSGSEND = YES;
				GCC_C_LANGUAGE_STANDARD = gnu11;
				GCC_NO_COMMON_BLOCKS = YES;
				GCC_WARN_64_TO_32_BIT_CONVERSION = YES;
				GCC_WARN_ABOUT_RETURN_TYPE = YES_ERROR;
				GCC_WARN_UNDECLARED_SELECTOR = YES;
				GCC_WARN_UNINITIALIZED_AUTOS = YES_AGGRESSIVE;
				GCC_WARN_UNUSED_FUNCTION = YES;
				GCC_WARN_UNUSED_VARIABLE = YES;
				IPHONEOS_DEPLOYMENT_TARGET = 15.2;
				MTL_ENABLE_DEBUG_INFO = NO;
				MTL_FAST_MATH = YES;
				SDKROOT = iphoneos;
				VALIDATE_PRODUCT = YES;
			};
			name = Release;
		};
		B11F6ED728450971001914CD /* Debug */ = {
			isa = XCBuildConfiguration;
			buildSettings = {
				ASSETCATALOG_COMPILER_APPICON_NAME = AppIcon;
				ASSETCATALOG_COMPILER_GLOBAL_ACCENT_COLOR_NAME = AccentColor;
				CODE_SIGN_STYLE = Automatic;
				CURRENT_PROJECT_VERSION = 1;
				DEVELOPMENT_TEAM = AQDKUEE5C2;
				GENERATE_INFOPLIST_FILE = YES;
				INFOPLIST_FILE = TestMutableDictionary/Info.plist;
				INFOPLIST_KEY_UIApplicationSupportsIndirectInputEvents = YES;
				INFOPLIST_KEY_UILaunchStoryboardName = LaunchScreen;
				INFOPLIST_KEY_UIMainStoryboardFile = Main;
				INFOPLIST_KEY_UISupportedInterfaceOrientations_iPad = "UIInterfaceOrientationPortrait UIInterfaceOrientationPortraitUpsideDown UIInterfaceOrientationLandscapeLeft UIInterfaceOrientationLandscapeRight";
				INFOPLIST_KEY_UISupportedInterfaceOrientations_iPhone = "UIInterfaceOrientationPortrait UIInterfaceOrientationLandscapeLeft UIInterfaceOrientationLandscapeRight";
				IPHONEOS_DEPLOYMENT_TARGET = 12.0;
				LD_RUNPATH_SEARCH_PATHS = (
					"$(inherited)",
					"@executable_path/Frameworks",
				);
				MARKETING_VERSION = 1.0;
				PRODUCT_BUNDLE_IDENTIFIER = com.sohu.TestMutableDictionary;
				PRODUCT_NAME = "$(TARGET_NAME)";
				SWIFT_EMIT_LOC_STRINGS = YES;
				TARGETED_DEVICE_FAMILY = "1,2";
			};
			name = Debug;
		};
		B11F6ED828450971001914CD /* Release */ = {
			isa = XCBuildConfiguration;
			buildSettings = {
				ASSETCATALOG_COMPILER_APPICON_NAME = AppIcon;
				ASSETCATALOG_COMPILER_GLOBAL_ACCENT_COLOR_NAME = AccentColor;
				CODE_SIGN_STYLE = Automatic;
				CURRENT_PROJECT_VERSION = 1;
				DEVELOPMENT_TEAM = AQDKUEE5C2;
				GENERATE_INFOPLIST_FILE = YES;
				INFOPLIST_FILE = TestMutableDictionary/Info.plist;
				INFOPLIST_KEY_UIApplicationSupportsIndirectInputEvents = YES;
				INFOPLIST_KEY_UILaunchStoryboardName = LaunchScreen;
				INFOPLIST_KEY_UIMainStoryboardFile = Main;
				INFOPLIST_KEY_UISupportedInterfaceOrientations_iPad = "UIInterfaceOrientationPortrait UIInterfaceOrientationPortraitUpsideDown UIInterfaceOrientationLandscapeLeft UIInterfaceOrientationLandscapeRight";
				INFOPLIST_KEY_UISupportedInterfaceOrientations_iPhone = "UIInterfaceOrientationPortrait UIInterfaceOrientationLandscapeLeft UIInterfaceOrientationLandscapeRight";
				IPHONEOS_DEPLOYMENT_TARGET = 12.0;
				LD_RUNPATH_SEARCH_PATHS = (
					"$(inherited)",
					"@executable_path/Frameworks",
				);
				MARKETING_VERSION = 1.0;
				PRODUCT_BUNDLE_IDENTIFIER = com.sohu.TestMutableDictionary;
				PRODUCT_NAME = "$(TARGET_NAME)";
				SWIFT_EMIT_LOC_STRINGS = YES;
				TARGETED_DEVICE_FAMILY = "1,2";
			};
			name = Release;
		};
		B11F6EDA28450971001914CD /* Debug */ = {
			isa = XCBuildConfiguration;
			buildSettings = {
				BUNDLE_LOADER = "$(TEST_HOST)";
				CODE_SIGN_STYLE = Automatic;
				CURRENT_PROJECT_VERSION = 1;
				DEVELOPMENT_TEAM = AQDKUEE5C2;
				GENERATE_INFOPLIST_FILE = YES;
				IPHONEOS_DEPLOYMENT_TARGET = 15.2;
				MARKETING_VERSION = 1.0;
				PRODUCT_BUNDLE_IDENTIFIER = com.sohu.TestMutableDictionaryTests;
				PRODUCT_NAME = "$(TARGET_NAME)";
				SWIFT_EMIT_LOC_STRINGS = NO;
				TARGETED_DEVICE_FAMILY = "1,2";
				TEST_HOST = "$(BUILT_PRODUCTS_DIR)/TestMutableDictionary.app/TestMutableDictionary";
			};
			name = Debug;
		};
		B11F6EDB28450971001914CD /* Release */ = {
			isa = XCBuildConfiguration;
			buildSettings = {
				BUNDLE_LOADER = "$(TEST_HOST)";
				CODE_SIGN_STYLE = Automatic;
				CURRENT_PROJECT_VERSION = 1;
				DEVELOPMENT_TEAM = AQDKUEE5C2;
				GENERATE_INFOPLIST_FILE = YES;
				IPHONEOS_DEPLOYMENT_TARGET = 15.2;
				MARKETING_VERSION = 1.0;
				PRODUCT_BUNDLE_IDENTIFIER = com.sohu.TestMutableDictionaryTests;
				PRODUCT_NAME = "$(TARGET_NAME)";
				SWIFT_EMIT_LOC_STRINGS = NO;
				TARGETED_DEVICE_FAMILY = "1,2";
				TEST_HOST = "$(BUILT_PRODUCTS_DIR)/TestMutableDictionary.app/TestMutableDictionary";
			};
			name = Release;
		};
		B11F6EDD28450971001914CD /* Debug */ = {
			isa = XCBuildConfiguration;
			buildSettings = {
				CODE_SIGN_STYLE = Automatic;
				CURRENT_PROJECT_VERSION = 1;
				DEVELOPMENT_TEAM = AQDKUEE5C2;
				GENERATE_INFOPLIST_FILE = YES;
				MARKETING_VERSION = 1.0;
				PRODUCT_BUNDLE_IDENTIFIER = com.sohu.TestMutableDictionaryUITests;
				PRODUCT_NAME = "$(TARGET_NAME)";
				SWIFT_EMIT_LOC_STRINGS = NO;
				TARGETED_DEVICE_FAMILY = "1,2";
				TEST_TARGET_NAME = TestMutableDictionary;
			};
			name = Debug;
		};
		B11F6EDE28450971001914CD /* Release */ = {
			isa = XCBuildConfiguration;
			buildSettings = {
				CODE_SIGN_STYLE = Automatic;
				CURRENT_PROJECT_VERSION = 1;
				DEVELOPMENT_TEAM = AQDKUEE5C2;
				GENERATE_INFOPLIST_FILE = YES;
				MARKETING_VERSION = 1.0;
				PRODUCT_BUNDLE_IDENTIFIER = com.sohu.TestMutableDictionaryUITests;
				PRODUCT_NAME = "$(TARGET_NAME)";
				SWIFT_EMIT_LOC_STRINGS = NO;
				TARGETED_DEVICE_FAMILY = "1,2";
				TEST_TARGET_NAME = TestMutableDictionary;
			};
			name = Release;
		};
/* End XCBuildConfiguration section */

/* Begin XCConfigurationList section */
		B11F6EA228450970001914CD /* Build configuration list for PBXProject "TestMutableDictionary" */ = {
			isa = XCConfigurationList;
			buildConfigurations = (
				B11F6ED428450971001914CD /* Debug */,
				B11F6ED528450971001914CD /* Release */,
			);
			defaultConfigurationIsVisible = 0;
			defaultConfigurationName = Release;
		};
		B11F6ED628450971001914CD /* Build configuration list for PBXNativeTarget "TestMutableDictionary" */ = {
			isa = XCConfigurationList;
			buildConfigurations = (
				B11F6ED728450971001914CD /* Debug */,
				B11F6ED828450971001914CD /* Release */,
			);
			defaultConfigurationIsVisible = 0;
			defaultConfigurationName = Release;
		};
		B11F6ED928450971001914CD /* Build configuration list for PBXNativeTarget "TestMutableDictionaryTests" */ = {
			isa = XCConfigurationList;
			buildConfigurations = (
				B11F6EDA28450971001914CD /* Debug */,
				B11F6EDB28450971001914CD /* Release */,
			);
			defaultConfigurationIsVisible = 0;
			defaultConfigurationName = Release;
		};
		B11F6EDC28450971001914CD /* Build configuration list for PBXNativeTarget "TestMutableDictionaryUITests" */ = {
			isa = XCConfigurationList;
			buildConfigurations = (
				B11F6EDD28450971001914CD /* Debug */,
				B11F6EDE28450971001914CD /* Release */,
			);
			defaultConfigurationIsVisible = 0;
			defaultConfigurationName = Release;
		};
/* End XCConfigurationList section */
	};
	rootObject = B11F6E9F28450970001914CD /* Project object */;
}
